YªçŠx-®éÜj×¢ëiºÚ+Š§j[h‘éÜ¢éíÛ^ôÝ:-jZ.¶›­–)Þ³W°¢&æÖR#¢&7FW"×&÷7—FÆ²Ö'&–FvR"À¢'fW'6–öâ#¢#ã2ã"À¢&Æö6¶f–ÆUfW'6–öâ#¢2À¢'&WV—&W2#¢G'VRÀ¢'6¶vW2#¢°¢"#¢°¢&æÖR#¢&7FW"×&÷7—FÆ²Ö'&–FvR"À¢'fW'6–öâ#¢#ã2ã"À¢&FWVæFVæ6–W2#¢°¢$ÖöFVÆ6öçFW‡G&÷Fö6öÂ÷6F²#¢#ã3ã"À¢&W‡&W72#¢#Rãã"À¢µçMí¢G§²ÚîÆ­y×3¢ò÷&Vv—7G'’æçÖ§2æ÷&r÷¦öB×FòÖ§6öâ×66†VÖòÒ÷¦öB×FòÖ§6öâ×66†VÖÓ2ã#Rã"çFw¢"À¢&–çFVw&—G’#¢'6†S"ÔòõvfçC„µ4FU•46e$“Tw“6…c“ÔµdGU”ÅT…¤¤Ö”DgGeCÕ6åvöfÓ†Fä6Ó#Se¤æe¤”ÓtE7§U4Ôfæ¤„ÓÒ"À¢&Æ–6Vç6R#¢$•42"À¢'VW$FWVæFVæ6–W2#¢°¢'¦öB#¢%ã2ã#Rã#‚ÇÂãB ¢Ð¢Ð¢Ð§Ð 